// !$*UTF8*$!
{
	archiveVersion = 1;
	classes = {
	};
	objectVersion = 55;
	objects = {

/* Begin PBXBuildFile section */
		2283E5F62A89CE7400496FB3 /* CustomizeWaypointSymbol.swift in Sources */ = {isa = PBXBuildFile; fileRef = 2283E5F52A89CE7400496FB3 /* CustomizeWaypointSymbol.swift */; };
		22E7CBC82A8B804C0001EF99 /* CustomWaypointStyle.swift in Sources */ = {isa = PBXBuildFile; fileRef = 22E7CBC72A8B804C0001EF99 /* CustomWaypointStyle.swift */; };
		4190C4982A83E7BA00C41DD2 /* Arrive-Waypoints-Destination.swift in Sources */ = {isa = PBXBuildFile; fileRef = 4190C4962A83E7BA00C41DD2 /* Arrive-Waypoints-Destination.swift */; };
		4190C4992A83E7BA00C41DD2 /* WaypointConfirmationViewController.swift in Sources */ = {isa = PBXBuildFile; fileRef = 4190C4972A83E7BA00C41DD2 /* WaypointConfirmationViewController.swift */; };
		41945873299C9DEE005084B3 /* Nbmap.xcframework in Frameworks */ = {isa = PBXBuildFile; fileRef = 41945869299C9DD8005084B3 /* Nbmap.xcframework */; };
		41945874299C9DEE005084B3 /* Nbmap.xcframework in Embed Frameworks */ = {isa = PBXBuildFile; fileRef = 41945869299C9DD8005084B3 /* Nbmap.xcframework */; settings = {ATTRIBUTES = (CodeSignOnCopy, RemoveHeadersOnCopy, ); }; };
		41945876299C9DEF005084B3 /* NbmapCoreNavigation.xcframework in Frameworks */ = {isa = PBXBuildFile; fileRef = 4194586D299C9DD8005084B3 /* NbmapCoreNavigation.xcframework */; };
		41945877299C9DEF005084B3 /* NbmapCoreNavigation.xcframework in Embed Frameworks */ = {isa = PBXBuildFile; fileRef = 4194586D299C9DD8005084B3 /* NbmapCoreNavigation.xcframework */; settings = {ATTRIBUTES = (CodeSignOnCopy, RemoveHeadersOnCopy, ); }; };
		4194587A299C9DF2005084B3 /* NbmapNavigation.xcframework in Frameworks */ = {isa = PBXBuildFile; fileRef = 4194586B299C9DD8005084B3 /* NbmapNavigation.xcframework */; };
		4194587B299C9DF2005084B3 /* NbmapNavigation.xcframework in Embed Frameworks */ = {isa = PBXBuildFile; fileRef = 4194586B299C9DD8005084B3 /* NbmapNavigation.xcframework */; settings = {ATTRIBUTES = (CodeSignOnCopy, RemoveHeadersOnCopy, ); }; };
		4194587C299C9DF4005084B3 /* Turf.xcframework in Frameworks */ = {isa = PBXBuildFile; fileRef = 4194586C299C9DD8005084B3 /* Turf.xcframework */; };
		4194587D299C9DF4005084B3 /* Turf.xcframework in Embed Frameworks */ = {isa = PBXBuildFile; fileRef = 4194586C299C9DD8005084B3 /* Turf.xcframework */; settings = {ATTRIBUTES = (CodeSignOnCopy, RemoveHeadersOnCopy, ); }; };
		41AE0F0229EE8B8400E6233F /* MainViewController.swift in Sources */ = {isa = PBXBuildFile; fileRef = 41AE0F0129EE8B8400E6233F /* MainViewController.swift */; };
		41AE0F0429EE932E00E6233F /* ViewMode.swift in Sources */ = {isa = PBXBuildFile; fileRef = 41AE0F0329EE932E00E6233F /* ViewMode.swift */; };
		41AE0F0629EE9B6B00E6233F /* BasicNavigationViewController.swift in Sources */ = {isa = PBXBuildFile; fileRef = 41AE0F0529EE9B6B00E6233F /* BasicNavigationViewController.swift */; };
		41AE0F0829EE9BF300E6233F /* AdvancedNavigationViewController.swift in Sources */ = {isa = PBXBuildFile; fileRef = 41AE0F0729EE9BF300E6233F /* AdvancedNavigationViewController.swift */; };
		41AE0F0A29EE9C2C00E6233F /* Custom-RoutingProvider.swift in Sources */ = {isa = PBXBuildFile; fileRef = 41AE0F0929EE9C2C00E6233F /* Custom-RoutingProvider.swift */; };
		41AE0F0C29EE9C6C00E6233F /* Custom-Banner.swift in Sources */ = {isa = PBXBuildFile; fileRef = 41AE0F0B29EE9C6C00E6233F /* Custom-Banner.swift */; };
		41AE0F0E29EE9CA300E6233F /* Custom-User-Location.swift in Sources */ = {isa = PBXBuildFile; fileRef = 41AE0F0D29EE9CA300E6233F /* Custom-User-Location.swift */; };
		41AE0F1029EE9D4A00E6233F /* Custom-Destination-Marker.swift in Sources */ = {isa = PBXBuildFile; fileRef = 41AE0F0F29EE9D4A00E6233F /* Custom-Destination-Marker.swift */; };
		41AE0F1229EE9F1E00E6233F /* Custom-Camera.swift in Sources */ = {isa = PBXBuildFile; fileRef = 41AE0F1129EE9F1E00E6233F /* Custom-Camera.swift */; };
		41AE0F1429EEA5F400E6233F /* Custom-Voice-Instruction.swift in Sources */ = {isa = PBXBuildFile; fileRef = 41AE0F1329EEA5F400E6233F /* Custom-Voice-Instruction.swift */; };
		41AE0F1629EEA6E500E6233F /* Custom-Waypoint-Styling.swift in Sources */ = {isa = PBXBuildFile; fileRef = 41AE0F1529EEA6E500E6233F /* Custom-Waypoint-Styling.swift */; };
		41AE0F1829EFCF0F00E6233F /* CustomBottomBarViewController.swift in Sources */ = {isa = PBXBuildFile; fileRef = 41AE0F1729EFCF0F00E6233F /* CustomBottomBarViewController.swift */; };
		41AE0F1A29EFCF7A00E6233F /* CustomBottomBannerView.swift in Sources */ = {isa = PBXBuildFile; fileRef = 41AE0F1929EFCF7A00E6233F /* CustomBottomBannerView.swift */; };
		41AE0F1C29EFD36100E6233F /* CustomTopBarViewController.swift in Sources */ = {isa = PBXBuildFile; fileRef = 41AE0F1B29EFD36100E6233F /* CustomTopBarViewController.swift */; };
		41AE0F2029EFD58D00E6233F /* CustomBottomBannerView.xib in Resources */ = {isa = PBXBuildFile; fileRef = 41AE0F1F29EFD58D00E6233F /* CustomBottomBannerView.xib */; };
		41AE0F2329EFFFFC00E6233F /* Route-Initialization.swift in Sources */ = {isa = PBXBuildFile; fileRef = 41AE0F2229EFFFFC00E6233F /* Route-Initialization.swift */; };
		41AE0F2529F114DB00E6233F /* Route-Deserialization.swift in Sources */ = {isa = PBXBuildFile; fileRef = 41AE0F2429F114DB00E6233F /* Route-Deserialization.swift */; };
		41AE0F2729F124E300E6233F /* Custom-Route-Lines-Styling.swift in Sources */ = {isa = PBXBuildFile; fileRef = 41AE0F2629F124E300E6233F /* Custom-Route-Lines-Styling.swift */; };
		41AE0F2929F1767300E6233F /* Custom-Location-Source.swift in Sources */ = {isa = PBXBuildFile; fileRef = 41AE0F2829F1767300E6233F /* Custom-Location-Source.swift */; };
		41AE0F2C29F178D600E6233F /* Custom-Map-LocationSource.swift in Sources */ = {isa = PBXBuildFile; fileRef = 41AE0F2B29F178D600E6233F /* Custom-Map-LocationSource.swift */; };
		41AE0F2E29F17CBD00E6233F /* Custom-Navigation-LocationSource.swift in Sources */ = {isa = PBXBuildFile; fileRef = 41AE0F2D29F17CBD00E6233F /* Custom-Navigation-LocationSource.swift */; };
		41AE0F3029F22CF900E6233F /* Styled-UI-Elements.swift in Sources */ = {isa = PBXBuildFile; fileRef = 41AE0F2F29F22CF900E6233F /* Styled-UI-Elements.swift */; };
		41AE0F3529F276C700E6233F /* route.json in Resources */ = {isa = PBXBuildFile; fileRef = 41AE0F3429F276C700E6233F /* route.json */; };
		41AE0F3729F512F200E6233F /* Custom-Waypoints-Screen.swift in Sources */ = {isa = PBXBuildFile; fileRef = 41AE0F3629F512F200E6233F /* Custom-Waypoints-Screen.swift */; };
		41AE0F6F2A1CA8CA00E6233F /* Simulation-Mode.swift in Sources */ = {isa = PBXBuildFile; fileRef = 41AE0F6E2A1CA8CA00E6233F /* Simulation-Mode.swift */; };
		41D97696298A348C002042C9 /* Cartfile in Resources */ = {isa = PBXBuildFile; fileRef = 41D97695298A348C002042C9 /* Cartfile */; };
		41F4D8D8296FC7BB008131C4 /* AppDelegate.swift in Sources */ = {isa = PBXBuildFile; fileRef = 41F4D8D7296FC7BB008131C4 /* AppDelegate.swift */; };
		41F4D8DA296FC7BB008131C4 /* SceneDelegate.swift in Sources */ = {isa = PBXBuildFile; fileRef = 41F4D8D9296FC7BB008131C4 /* SceneDelegate.swift */; };
		41F4D8DF296FC7BB008131C4 /* Main.storyboard in Resources */ = {isa = PBXBuildFile; fileRef = 41F4D8DD296FC7BB008131C4 /* Main.storyboard */; };
		41F4D8E1296FC7BB008131C4 /* Assets.xcassets in Resources */ = {isa = PBXBuildFile; fileRef = 41F4D8E0296FC7BB008131C4 /* Assets.xcassets */; };
		41F4D8E4296FC7BB008131C4 /* LaunchScreen.storyboard in Resources */ = {isa = PBXBuildFile; fileRef = 41F4D8E2296FC7BB008131C4 /* LaunchScreen.storyboard */; };
		41F4D8EF296FC7BC008131C4 /* navigation_ios_demoTests.swift in Sources */ = {isa = PBXBuildFile; fileRef = 41F4D8EE296FC7BC008131C4 /* navigation_ios_demoTests.swift */; };
		41F4D8F9296FC7BC008131C4 /* navigation_ios_demoUITests.swift in Sources */ = {isa = PBXBuildFile; fileRef = 41F4D8F8296FC7BC008131C4 /* navigation_ios_demoUITests.swift */; };
		41F4D8FB296FC7BC008131C4 /* navigation_ios_demoUITestsLaunchTests.swift in Sources */ = {isa = PBXBuildFile; fileRef = 41F4D8FA296FC7BC008131C4 /* navigation_ios_demoUITestsLaunchTests.swift */; };
		41FA14DE2CD9F028004E5694 /* Navigation-Delegates-ViewController.swift in Sources */ = {isa = PBXBuildFile; fileRef = 41FA14DD2CD9F00A004E5694 /* Navigation-Delegates-ViewController.swift */; };
		5E7342262A120F950068A534 /* DrawRouteLineViewController.swift in Sources */ = {isa = PBXBuildFile; fileRef = 5E7342252A120F950068A534 /* DrawRouteLineViewController.swift */; };
		5E7342282A12144B0068A534 /* DrawAlternativeRouteViewController.swift in Sources */ = {isa = PBXBuildFile; fileRef = 5E7342272A12144B0068A534 /* DrawAlternativeRouteViewController.swift */; };
		5E73422A2A1231730068A534 /* CustomizeMapStyleViewController.swift in Sources */ = {isa = PBXBuildFile; fileRef = 5E7342292A1231730068A534 /* CustomizeMapStyleViewController.swift */; };
		5E73422C2A1236E40068A534 /* InterceptClickEventViewController.swift in Sources */ = {isa = PBXBuildFile; fileRef = 5E73422B2A1236E40068A534 /* InterceptClickEventViewController.swift */; };
/* End PBXBuildFile section */

/* Begin PBXContainerItemProxy section */
		41F4D8EB296FC7BC008131C4 /* PBXContainerItemProxy */ = {
			isa = PBXContainerItemProxy;
			containerPortal = 41F4D8CC296FC7BB008131C4 /* Project object */;
			proxyType = 1;
			remoteGlobalIDString = 41F4D8D3296FC7BB008131C4;
			remoteInfo = "navigation-ios-demo";
		};
		41F4D8F5296FC7BC008131C4 /* PBXContainerItemProxy */ = {
			isa = PBXContainerItemProxy;
			containerPortal = 41F4D8CC296FC7BB008131C4 /* Project object */;
			proxyType = 1;
			remoteGlobalIDString = 41F4D8D3296FC7BB008131C4;
			remoteInfo = "navigation-ios-demo";
		};
/* End PBXContainerItemProxy section */

/* Begin PBXCopyFilesBuildPhase section */
		41945875299C9DEE005084B3 /* Embed Frameworks */ = {
			isa = PBXCopyFilesBuildPhase;
			buildActionMask = 2147483647;
			dstPath = "";
			dstSubfolderSpec = 10;
			files = (
				4194587B299C9DF2005084B3 /* NbmapNavigation.xcframework in Embed Frameworks */,
				41945874299C9DEE005084B3 /* Nbmap.xcframework in Embed Frameworks */,
				41945877299C9DEF005084B3 /* NbmapCoreNavigation.xcframework in Embed Frameworks */,
				4194587D299C9DF4005084B3 /* Turf.xcframework in Embed Frameworks */,
			);
			name = "Embed Frameworks";
			runOnlyForDeploymentPostprocessing = 0;
		};
/* End PBXCopyFilesBuildPhase section */

/* Begin PBXFileReference section */
		2283E5F52A89CE7400496FB3 /* CustomizeWaypointSymbol.swift */ = {isa = PBXFileReference; lastKnownFileType = sourcecode.swift; path = CustomizeWaypointSymbol.swift; sourceTree = "<group>"; };
		22E7CBC72A8B804C0001EF99 /* CustomWaypointStyle.swift */ = {isa = PBXFileReference; lastKnownFileType = sourcecode.swift; path = CustomWaypointStyle.swift; sourceTree = "<group>"; };
		4190C4962A83E7BA00C41DD2 /* Arrive-Waypoints-Destination.swift */ = {isa = PBXFileReference; fileEncoding = 4; lastKnownFileType = sourcecode.swift; path = "Arrive-Waypoints-Destination.swift"; sourceTree = "<group>"; };
		4190C4972A83E7BA00C41DD2 /* WaypointConfirmationViewController.swift */ = {isa = PBXFileReference; fileEncoding = 4; lastKnownFileType = sourcecode.swift; path = WaypointConfirmationViewController.swift; sourceTree = "<group>"; };
		41945869299C9DD8005084B3 /* Nbmap.xcframework */ = {isa = PBXFileReference; lastKnownFileType = wrapper.xcframework; name = Nbmap.xcframework; path = Carthage/Build/Nbmap.xcframework; sourceTree = "<group>"; };
		4194586A299C9DD8005084B3 /* NbmapDirections.xcframework */ = {isa = PBXFileReference; lastKnownFileType = wrapper.xcframework; name = NbmapDirections.xcframework; path = Carthage/Build/NbmapDirections.xcframework; sourceTree = "<group>"; };
		4194586B299C9DD8005084B3 /* NbmapNavigation.xcframework */ = {isa = PBXFileReference; lastKnownFileType = wrapper.xcframework; name = NbmapNavigation.xcframework; path = Carthage/Build/NbmapNavigation.xcframework; sourceTree = "<group>"; };
		4194586C299C9DD8005084B3 /* Turf.xcframework */ = {isa = PBXFileReference; lastKnownFileType = wrapper.xcframework; name = Turf.xcframework; path = Carthage/Build/Turf.xcframework; sourceTree = "<group>"; };
		4194586D299C9DD8005084B3 /* NbmapCoreNavigation.xcframework */ = {isa = PBXFileReference; lastKnownFileType = wrapper.xcframework; name = NbmapCoreNavigation.xcframework; path = Carthage/Build/NbmapCoreNavigation.xcframework; sourceTree = "<group>"; };
		41AE0F0129EE8B8400E6233F /* MainViewController.swift */ = {isa = PBXFileReference; lastKnownFileType = sourcecode.swift; path = MainViewController.swift; sourceTree = "<group>"; };
		41AE0F0329EE932E00E6233F /* ViewMode.swift */ = {isa = PBXFileReference; lastKnownFileType = sourcecode.swift; path = ViewMode.swift; sourceTree = "<group>"; };
		41AE0F0529EE9B6B00E6233F /* BasicNavigationViewController.swift */ = {isa = PBXFileReference; lastKnownFileType = sourcecode.swift; path = BasicNavigationViewController.swift; sourceTree = "<group>"; };
		41AE0F0729EE9BF300E6233F /* AdvancedNavigationViewController.swift */ = {isa = PBXFileReference; lastKnownFileType = sourcecode.swift; path = AdvancedNavigationViewController.swift; sourceTree = "<group>"; };
		41AE0F0929EE9C2C00E6233F /* Custom-RoutingProvider.swift */ = {isa = PBXFileReference; lastKnownFileType = sourcecode.swift; path = "Custom-RoutingProvider.swift"; sourceTree = "<group>"; };
		41AE0F0B29EE9C6C00E6233F /* Custom-Banner.swift */ = {isa = PBXFileReference; lastKnownFileType = sourcecode.swift; path = "Custom-Banner.swift"; sourceTree = "<group>"; };
		41AE0F0D29EE9CA300E6233F /* Custom-User-Location.swift */ = {isa = PBXFileReference; lastKnownFileType = sourcecode.swift; path = "Custom-User-Location.swift"; sourceTree = "<group>"; };
		41AE0F0F29EE9D4A00E6233F /* Custom-Destination-Marker.swift */ = {isa = PBXFileReference; lastKnownFileType = sourcecode.swift; path = "Custom-Destination-Marker.swift"; sourceTree = "<group>"; };
		41AE0F1129EE9F1E00E6233F /* Custom-Camera.swift */ = {isa = PBXFileReference; lastKnownFileType = sourcecode.swift; path = "Custom-Camera.swift"; sourceTree = "<group>"; };
		41AE0F1329EEA5F400E6233F /* Custom-Voice-Instruction.swift */ = {isa = PBXFileReference; lastKnownFileType = sourcecode.swift; path = "Custom-Voice-Instruction.swift"; sourceTree = "<group>"; };
		41AE0F1529EEA6E500E6233F /* Custom-Waypoint-Styling.swift */ = {isa = PBXFileReference; lastKnownFileType = sourcecode.swift; path = "Custom-Waypoint-Styling.swift"; sourceTree = "<group>"; };
		41AE0F1729EFCF0F00E6233F /* CustomBottomBarViewController.swift */ = {isa = PBXFileReference; lastKnownFileType = sourcecode.swift; path = CustomBottomBarViewController.swift; sourceTree = "<group>"; };
		41AE0F1929EFCF7A00E6233F /* CustomBottomBannerView.swift */ = {isa = PBXFileReference; lastKnownFileType = sourcecode.swift; path = CustomBottomBannerView.swift; sourceTree = "<group>"; };
		41AE0F1B29EFD36100E6233F /* CustomTopBarViewController.swift */ = {isa = PBXFileReference; lastKnownFileType = sourcecode.swift; path = CustomTopBarViewController.swift; sourceTree = "<group>"; };
		41AE0F1F29EFD58D00E6233F /* CustomBottomBannerView.xib */ = {isa = PBXFileReference; fileEncoding = 4; lastKnownFileType = file.xib; path = CustomBottomBannerView.xib; sourceTree = "<group>"; };
		41AE0F2229EFFFFC00E6233F /* Route-Initialization.swift */ = {isa = PBXFileReference; lastKnownFileType = sourcecode.swift; path = "Route-Initialization.swift"; sourceTree = "<group>"; };
		41AE0F2429F114DB00E6233F /* Route-Deserialization.swift */ = {isa = PBXFileReference; lastKnownFileType = sourcecode.swift; path = "Route-Deserialization.swift"; sourceTree = "<group>"; };
		41AE0F2629F124E300E6233F /* Custom-Route-Lines-Styling.swift */ = {isa = PBXFileReference; lastKnownFileType = sourcecode.swift; path = "Custom-Route-Lines-Styling.swift"; sourceTree = "<group>"; };
		41AE0F2829F1767300E6233F /* Custom-Location-Source.swift */ = {isa = PBXFileReference; lastKnownFileType = sourcecode.swift; path = "Custom-Location-Source.swift"; sourceTree = "<group>"; };
		41AE0F2B29F178D600E6233F /* Custom-Map-LocationSource.swift */ = {isa = PBXFileReference; lastKnownFileType = sourcecode.swift; path = "Custom-Map-LocationSource.swift"; sourceTree = "<group>"; };
		41AE0F2D29F17CBD00E6233F /* Custom-Navigation-LocationSource.swift */ = {isa = PBXFileReference; lastKnownFileType = sourcecode.swift; path = "Custom-Navigation-LocationSource.swift"; sourceTree = "<group>"; };
		41AE0F2F29F22CF900E6233F /* Styled-UI-Elements.swift */ = {isa = PBXFileReference; lastKnownFileType = sourcecode.swift; path = "Styled-UI-Elements.swift"; sourceTree = "<group>"; };
		41AE0F3429F276C700E6233F /* route.json */ = {isa = PBXFileReference; fileEncoding = 4; lastKnownFileType = text.json; path = route.json; sourceTree = "<group>"; };
		41AE0F3629F512F200E6233F /* Custom-Waypoints-Screen.swift */ = {isa = PBXFileReference; lastKnownFileType = sourcecode.swift; path = "Custom-Waypoints-Screen.swift"; sourceTree = "<group>"; };
		41AE0F6E2A1CA8CA00E6233F /* Simulation-Mode.swift */ = {isa = PBXFileReference; lastKnownFileType = sourcecode.swift; path = "Simulation-Mode.swift"; sourceTree = "<group>"; };
		41D97695298A348C002042C9 /* Cartfile */ = {isa = PBXFileReference; fileEncoding = 4; lastKnownFileType = text; path = Cartfile; sourceTree = "<group>"; };
		41F4D8D4296FC7BB008131C4 /* navigation-ios-demo.app */ = {isa = PBXFileReference; explicitFileType = wrapper.application; includeInIndex = 0; path = "navigation-ios-demo.app"; sourceTree = BUILT_PRODUCTS_DIR; };
		41F4D8D7296FC7BB008131C4 /* AppDelegate.swift */ = {isa = PBXFileReference; lastKnownFileType = sourcecode.swift; path = AppDelegate.swift; sourceTree = "<group>"; };
		41F4D8D9296FC7BB008131C4 /* SceneDelegate.swift */ = {isa = PBXFileReference; lastKnownFileType = sourcecode.swift; path = SceneDelegate.swift; sourceTree = "<group>"; };
		41F4D8DE296FC7BB008131C4 /* Base */ = {isa = PBXFileReference; lastKnownFileType = file.storyboard; name = Base; path = Base.lproj/Main.storyboard; sourceTree = "<group>"; };
		41F4D8E0296FC7BB008131C4 /* Assets.xcassets */ = {isa = PBXFileReference; lastKnownFileType = folder.assetcatalog; path = Assets.xcassets; sourceTree = "<group>"; };
		41F4D8E3296FC7BB008131C4 /* Base */ = {isa = PBXFileReference; lastKnownFileType = file.storyboard; name = Base; path = Base.lproj/LaunchScreen.storyboard; sourceTree = "<group>"; };
		41F4D8E5296FC7BB008131C4 /* Info.plist */ = {isa = PBXFileReference; lastKnownFileType = text.plist.xml; path = Info.plist; sourceTree = "<group>"; };
		41F4D8EA296FC7BC008131C4 /* navigation-ios-demoTests.xctest */ = {isa = PBXFileReference; explicitFileType = wrapper.cfbundle; includeInIndex = 0; path = "navigation-ios-demoTests.xctest"; sourceTree = BUILT_PRODUCTS_DIR; };
		41F4D8EE296FC7BC008131C4 /* navigation_ios_demoTests.swift */ = {isa = PBXFileReference; lastKnownFileType = sourcecode.swift; path = navigation_ios_demoTests.swift; sourceTree = "<group>"; };
		41F4D8F4296FC7BC008131C4 /* navigation-ios-demoUITests.xctest */ = {isa = PBXFileReference; explicitFileType = wrapper.cfbundle; includeInIndex = 0; path = "navigation-ios-demoUITests.xctest"; sourceTree = BUILT_PRODUCTS_DIR; };
		41F4D8F8296FC7BC008131C4 /* navigation_ios_demoUITests.swift */ = {isa = PBXFileReference; lastKnownFileType = sourcecode.swift; path = navigation_ios_demoUITests.swift; sourceTree = "<group>"; };
		41F4D8FA296FC7BC008131C4 /* navigation_ios_demoUITestsLaunchTests.swift */ = {isa = PBXFileReference; lastKnownFileType = sourcecode.swift; path = navigation_ios_demoUITestsLaunchTests.swift; sourceTree = "<group>"; };
		41FA14DD2CD9F00A004E5694 /* Navigation-Delegates-ViewController.swift */ = {isa = PBXFileReference; lastKnownFileType = sourcecode.swift; path = "Navigation-Delegates-ViewController.swift"; sourceTree = "<group>"; };
		5E7342252A120F950068A534 /* DrawRouteLineViewController.swift */ = {isa = PBXFileReference; lastKnownFileType = sourcecode.swift; path = DrawRouteLineViewController.swift; sourceTree = "<group>"; };
		5E7342272A12144B0068A534 /* DrawAlternativeRouteViewController.swift */ = {isa = PBXFileReference; lastKnownFileType = sourcecode.swift; path = DrawAlternativeRouteViewController.swift; sourceTree = "<group>"; };
		5E7342292A1231730068A534 /* CustomizeMapStyleViewController.swift */ = {isa = PBXFileReference; lastKnownFileType = sourcecode.swift; path = CustomizeMapStyleViewController.swift; sourceTree = "<group>"; };
		5E73422B2A1236E40068A534 /* InterceptClickEventViewController.swift */ = {isa = PBXFileReference; lastKnownFileType = sourcecode.swift; path = InterceptClickEventViewController.swift; sourceTree = "<group>"; };
/* End PBXFileReference section */

/* Begin PBXFrameworksBuildPhase section */
		41F4D8D1296FC7BB008131C4 /* Frameworks */ = {
			isa = PBXFrameworksBuildPhase;
			buildActionMask = 2147483647;
			files = (
				41945876299C9DEF005084B3 /* NbmapCoreNavigation.xcframework in Frameworks */,
				4194587A299C9DF2005084B3 /* NbmapNavigation.xcframework in Frameworks */,
				4194587C299C9DF4005084B3 /* Turf.xcframework in Frameworks */,
				41945873299C9DEE005084B3 /* Nbmap.xcframework in Frameworks */,
			);
			runOnlyForDeploymentPostprocessing = 0;
		};
		41F4D8E7296FC7BC008131C4 /* Frameworks */ = {
			isa = PBXFrameworksBuildPhase;
			buildActionMask = 2147483647;
			files = (
			);
			runOnlyForDeploymentPostprocessing = 0;
		};
		41F4D8F1296FC7BC008131C4 /* Frameworks */ = {
			isa = PBXFrameworksBuildPhase;
			buildActionMask = 2147483647;
			files = (
			);
			runOnlyForDeploymentPostprocessing = 0;
		};
/* End PBXFrameworksBuildPhase section */

/* Begin PBXGroup section */
		41AE0F2129EFD5B900E6233F /* BottomBar */ = {
			isa = PBXGroup;
			children = (
				41AE0F1729EFCF0F00E6233F /* CustomBottomBarViewController.swift */,
				41AE0F1929EFCF7A00E6233F /* CustomBottomBannerView.swift */,
				41AE0F1B29EFD36100E6233F /* CustomTopBarViewController.swift */,
			);
			path = BottomBar;
			sourceTree = "<group>";
		};
		41AE0F2A29F1789800E6233F /* LocationManager */ = {
			isa = PBXGroup;
			children = (
				41AE0F2B29F178D600E6233F /* Custom-Map-LocationSource.swift */,
				41AE0F2D29F17CBD00E6233F /* Custom-Navigation-LocationSource.swift */,
			);
			path = LocationManager;
			sourceTree = "<group>";
		};
		41AE0F3129F2768900E6233F /* Test-Data */ = {
			isa = PBXGroup;
			children = (
				41AE0F3429F276C700E6233F /* route.json */,
			);
			path = "Test-Data";
			sourceTree = "<group>";
		};
		41EF7C58298B63EF00EB463A /* Frameworks */ = {
			isa = PBXGroup;
			children = (
				41945869299C9DD8005084B3 /* Nbmap.xcframework */,
				4194586D299C9DD8005084B3 /* NbmapCoreNavigation.xcframework */,
				4194586A299C9DD8005084B3 /* NbmapDirections.xcframework */,
				4194586B299C9DD8005084B3 /* NbmapNavigation.xcframework */,
				4194586C299C9DD8005084B3 /* Turf.xcframework */,
			);
			name = Frameworks;
			sourceTree = "<group>";
		};
		41F4D8CB296FC7BB008131C4 = {
			isa = PBXGroup;
			children = (
				41D97695298A348C002042C9 /* Cartfile */,
				41F4D8D6296FC7BB008131C4 /* navigation-ios-demo */,
				41F4D8ED296FC7BC008131C4 /* navigation-ios-demoTests */,
				41F4D8F7296FC7BC008131C4 /* navigation-ios-demoUITests */,
				41F4D8D5296FC7BB008131C4 /* Products */,
				41EF7C58298B63EF00EB463A /* Frameworks */,
			);
			sourceTree = "<group>";
		};
		41F4D8D5296FC7BB008131C4 /* Products */ = {
			isa = PBXGroup;
			children = (
				41F4D8D4296FC7BB008131C4 /* navigation-ios-demo.app */,
				41F4D8EA296FC7BC008131C4 /* navigation-ios-demoTests.xctest */,
				41F4D8F4296FC7BC008131C4 /* navigation-ios-demoUITests.xctest */,
			);
			name = Products;
			sourceTree = "<group>";
		};
		41F4D8D6296FC7BB008131C4 /* navigation-ios-demo */ = {
			isa = PBXGroup;
			children = (
				41AE0F3129F2768900E6233F /* Test-Data */,
				41AE0F2A29F1789800E6233F /* LocationManager */,
				41AE0F1F29EFD58D00E6233F /* CustomBottomBannerView.xib */,
				41F4D8D7296FC7BB008131C4 /* AppDelegate.swift */,
				41F4D8D9296FC7BB008131C4 /* SceneDelegate.swift */,
				41F4D8DD296FC7BB008131C4 /* Main.storyboard */,
				41F4D8E0296FC7BB008131C4 /* Assets.xcassets */,
				41F4D8E2296FC7BB008131C4 /* LaunchScreen.storyboard */,
				4190C4962A83E7BA00C41DD2 /* Arrive-Waypoints-Destination.swift */,
				4190C4972A83E7BA00C41DD2 /* WaypointConfirmationViewController.swift */,
				41F4D8E5296FC7BB008131C4 /* Info.plist */,
				41AE0F0129EE8B8400E6233F /* MainViewController.swift */,
				41AE0F0329EE932E00E6233F /* ViewMode.swift */,
				41FA14DD2CD9F00A004E5694 /* Navigation-Delegates-ViewController.swift */,
				41AE0F0529EE9B6B00E6233F /* BasicNavigationViewController.swift */,
				41AE0F0729EE9BF300E6233F /* AdvancedNavigationViewController.swift */,
				41AE0F0929EE9C2C00E6233F /* Custom-RoutingProvider.swift */,
				41AE0F0B29EE9C6C00E6233F /* Custom-Banner.swift */,
				41AE0F0D29EE9CA300E6233F /* Custom-User-Location.swift */,
				41AE0F0F29EE9D4A00E6233F /* Custom-Destination-Marker.swift */,
				41AE0F2129EFD5B900E6233F /* BottomBar */,
				41AE0F1129EE9F1E00E6233F /* Custom-Camera.swift */,
				41AE0F1329EEA5F400E6233F /* Custom-Voice-Instruction.swift */,
				41AE0F1529EEA6E500E6233F /* Custom-Waypoint-Styling.swift */,
				41AE0F2229EFFFFC00E6233F /* Route-Initialization.swift */,
				41AE0F2429F114DB00E6233F /* Route-Deserialization.swift */,
				41AE0F2629F124E300E6233F /* Custom-Route-Lines-Styling.swift */,
				41AE0F2829F1767300E6233F /* Custom-Location-Source.swift */,
				41AE0F2F29F22CF900E6233F /* Styled-UI-Elements.swift */,
				41AE0F3629F512F200E6233F /* Custom-Waypoints-Screen.swift */,
				5E7342252A120F950068A534 /* DrawRouteLineViewController.swift */,
				5E7342272A12144B0068A534 /* DrawAlternativeRouteViewController.swift */,
				5E7342292A1231730068A534 /* CustomizeMapStyleViewController.swift */,
				5E73422B2A1236E40068A534 /* InterceptClickEventViewController.swift */,
				41AE0F6E2A1CA8CA00E6233F /* Simulation-Mode.swift */,
				2283E5F52A89CE7400496FB3 /* CustomizeWaypointSymbol.swift */,
				22E7CBC72A8B804C0001EF99 /* CustomWaypointStyle.swift */,
			);
			path = "navigation-ios-demo";
			sourceTree = "<group>";
		};
		41F4D8ED296FC7BC008131C4 /* navigation-ios-demoTests */ = {
			isa = PBXGroup;
			children = (
				41F4D8EE296FC7BC008131C4 /* navigation_ios_demoTests.swift */,
			);
			path = "navigation-ios-demoTests";
			sourceTree = "<group>";
		};
		41F4D8F7296FC7BC008131C4 /* navigation-ios-demoUITests */ = {
			isa = PBXGroup;
			children = (
				41F4D8F8296FC7BC008131C4 /* navigation_ios_demoUITests.swift */,
				41F4D8FA296FC7BC008131C4 /* navigation_ios_demoUITestsLaunchTests.swift */,
			);
			path = "navigation-ios-demoUITests";
			sourceTree = "<group>";
		};
/* End PBXGroup section */

/* Begin PBXNativeTarget section */
		41F4D8D3296FC7BB008131C4 /* navigation-ios-demo */ = {
			isa = PBXNativeTarget;
			buildConfigurationList = 41F4D8FE296FC7BC008131C4 /* Build configuration list for PBXNativeTarget "navigation-ios-demo" */;
			buildPhases = (
				41F4D8D0296FC7BB008131C4 /* Sources */,
				41F4D8D1296FC7BB008131C4 /* Frameworks */,
				41F4D8D2296FC7BB008131C4 /* Resources */,
				41945875299C9DEE005084B3 /* Embed Frameworks */,
			);
			buildRules = (
			);
			dependencies = (
			);
			name = "navigation-ios-demo";
			productName = "navigation-ios-demo";
			productReference = 41F4D8D4296FC7BB008131C4 /* navigation-ios-demo.app */;
			productType = "com.apple.product-type.application";
		};
		41F4D8E9296FC7BC008131C4 /* navigation-ios-demoTests */ = {
			isa = PBXNativeTarget;
			buildConfigurationList = 41F4D901296FC7BC008131C4 /* Build configuration list for PBXNativeTarget "navigation-ios-demoTests" */;
			buildPhases = (
				41F4D8E6296FC7BC008131C4 /* Sources */,
				41F4D8E7296FC7BC008131C4 /* Frameworks */,
				41F4D8E8296FC7BC008131C4 /* Resources */,
			);
			buildRules = (
			);
			dependencies = (
				41F4D8EC296FC7BC008131C4 /* PBXTargetDependency */,
			);
			name = "navigation-ios-demoTests";
			productName = "navigation-ios-demoTests";
			productReference = 41F4D8EA296FC7BC008131C4 /* navigation-ios-demoTests.xctest */;
			productType = "com.apple.product-type.bundle.unit-test";
		};
		41F4D8F3296FC7BC008131C4 /* navigation-ios-demoUITests */ = {
			isa = PBXNativeTarget;
			buildConfigurationList = 41F4D904296FC7BC008131C4 /* Build configuration list for PBXNativeTarget "navigation-ios-demoUITests" */;
			buildPhases = (
				41F4D8F0296FC7BC008131C4 /* Sources */,
				41F4D8F1296FC7BC008131C4 /* Frameworks */,
				41F4D8F2296FC7BC008131C4 /* Resources */,
			);
			buildRules = (
			);
			dependencies = (
				41F4D8F6296FC7BC008131C4 /* PBXTargetDependency */,
			);
			name = "navigation-ios-demoUITests";
			productName = "navigation-ios-demoUITests";
			productReference = 41F4D8F4296FC7BC008131C4 /* navigation-ios-demoUITests.xctest */;
			productType = "com.apple.product-type.bundle.ui-testing";
		};
/* End PBXNativeTarget section */

/* Begin PBXProject section */
		41F4D8CC296FC7BB008131C4 /* Project object */ = {
			isa = PBXProject;
			attributes = {
				BuildIndependentTargetsInParallel = 1;
				LastSwiftUpdateCheck = 1320;
				LastUpgradeCheck = 1320;
				TargetAttributes = {
					41F4D8D3296FC7BB008131C4 = {
						CreatedOnToolsVersion = 13.2.1;
					};
					41F4D8E9296FC7BC008131C4 = {
						CreatedOnToolsVersion = 13.2.1;
						TestTargetID = 41F4D8D3296FC7BB008131C4;
					};
					41F4D8F3296FC7BC008131C4 = {
						CreatedOnToolsVersion = 13.2.1;
						TestTargetID = 41F4D8D3296FC7BB008131C4;
					};
				};
			};
			buildConfigurationList = 41F4D8CF296FC7BB008131C4 /* Build configuration list for PBXProject "navigation-ios-demo" */;
			compatibilityVersion = "Xcode 13.0";
			developmentRegion = en;
			hasScannedForEncodings = 0;
			knownRegions = (
				en,
				Base,
			);
			mainGroup = 41F4D8CB296FC7BB008131C4;
			productRefGroup = 41F4D8D5296FC7BB008131C4 /* Products */;
			projectDirPath = "";
			projectRoot = "";
			targets = (
				41F4D8D3296FC7BB008131C4 /* navigation-ios-demo */,
				41F4D8E9296FC7BC008131C4 /* navigation-ios-demoTests */,
				41F4D8F3296FC7BC008131C4 /* navigation-ios-demoUITests */,
			);
		};
/* End PBXProject section */

/* Begin PBXResourcesBuildPhase section */
		41F4D8D2296FC7BB008131C4 /* Resources */ = {
			isa = PBXResourcesBuildPhase;
			buildActionMask = 2147483647;
			files = (
				41F4D8E4296FC7BB008131C4 /* LaunchScreen.storyboard in Resources */,
				41F4D8E1296FC7BB008131C4 /* Assets.xcassets in Resources */,
				41AE0F2029EFD58D00E6233F /* CustomBottomBannerView.xib in Resources */,
				41AE0F3529F276C700E6233F /* route.json in Resources */,
				41D97696298A348C002042C9 /* Cartfile in Resources */,
				41F4D8DF296FC7BB008131C4 /* Main.storyboard in Resources */,
			);
			runOnlyForDeploymentPostprocessing = 0;
		};
		41F4D8E8296FC7BC008131C4 /* Resources */ = {
			isa = PBXResourcesBuildPhase;
			buildActionMask = 2147483647;
			files = (
			);
			runOnlyForDeploymentPostprocessing = 0;
		};
		41F4D8F2296FC7BC008131C4 /* Resources */ = {
			isa = PBXResourcesBuildPhase;
			buildActionMask = 2147483647;
			files = (
			);
			runOnlyForDeploymentPostprocessing = 0;
		};
/* End PBXResourcesBuildPhase section */

/* Begin PBXSourcesBuildPhase section */
		41F4D8D0296FC7BB008131C4 /* Sources */ = {
			isa = PBXSourcesBuildPhase;
			buildActionMask = 2147483647;
			files = (
				41AE0F1829EFCF0F00E6233F /* CustomBottomBarViewController.swift in Sources */,
				41AE0F1229EE9F1E00E6233F /* Custom-Camera.swift in Sources */,
				41AE0F1029EE9D4A00E6233F /* Custom-Destination-Marker.swift in Sources */,
				41F4D8D8296FC7BB008131C4 /* AppDelegate.swift in Sources */,
				41F4D8DA296FC7BB008131C4 /* SceneDelegate.swift in Sources */,
				41AE0F1A29EFCF7A00E6233F /* CustomBottomBannerView.swift in Sources */,
				2283E5F62A89CE7400496FB3 /* CustomizeWaypointSymbol.swift in Sources */,
				41AE0F2E29F17CBD00E6233F /* Custom-Navigation-LocationSource.swift in Sources */,
				41AE0F6F2A1CA8CA00E6233F /* Simulation-Mode.swift in Sources */,
				22E7CBC82A8B804C0001EF99 /* CustomWaypointStyle.swift in Sources */,
				41AE0F2929F1767300E6233F /* Custom-Location-Source.swift in Sources */,
				41AE0F1429EEA5F400E6233F /* Custom-Voice-Instruction.swift in Sources */,
				41AE0F1629EEA6E500E6233F /* Custom-Waypoint-Styling.swift in Sources */,
				5E7342262A120F950068A534 /* DrawRouteLineViewController.swift in Sources */,
				41AE0F0C29EE9C6C00E6233F /* Custom-Banner.swift in Sources */,
				5E73422A2A1231730068A534 /* CustomizeMapStyleViewController.swift in Sources */,
				41AE0F3729F512F200E6233F /* Custom-Waypoints-Screen.swift in Sources */,
				41AE0F0229EE8B8400E6233F /* MainViewController.swift in Sources */,
				4190C4982A83E7BA00C41DD2 /* Arrive-Waypoints-Destination.swift in Sources */,
				41FA14DE2CD9F028004E5694 /* Navigation-Delegates-ViewController.swift in Sources */,
				41AE0F2C29F178D600E6233F /* Custom-Map-LocationSource.swift in Sources */,
				41AE0F1C29EFD36100E6233F /* CustomTopBarViewController.swift in Sources */,
				41AE0F0829EE9BF300E6233F /* AdvancedNavigationViewController.swift in Sources */,
				41AE0F0429EE932E00E6233F /* ViewMode.swift in Sources */,
				5E7342282A12144B0068A534 /* DrawAlternativeRouteViewController.swift in Sources */,
				41AE0F2529F114DB00E6233F /* Route-Deserialization.swift in Sources */,
				41AE0F0E29EE9CA300E6233F /* Custom-User-Location.swift in Sources */,
				41AE0F2329EFFFFC00E6233F /* Route-Initialization.swift in Sources */,
				5E73422C2A1236E40068A534 /* InterceptClickEventViewController.swift in Sources */,
				41AE0F0A29EE9C2C00E6233F /* Custom-RoutingProvider.swift in Sources */,
				4190C4992A83E7BA00C41DD2 /* WaypointConfirmationViewController.swift in Sources */,
				41AE0F2729F124E300E6233F /* Custom-Route-Lines-Styling.swift in Sources */,
				41AE0F3029F22CF900E6233F /* Styled-UI-Elements.swift in Sources */,
				41AE0F0629EE9B6B00E6233F /* BasicNavigationViewController.swift in Sources */,
			);
			runOnlyForDeploymentPostprocessing = 0;
		};
		41F4D8E6296FC7BC008131C4 /* Sources */ = {
			isa = PBXSourcesBuildPhase;
			buildActionMask = 2147483647;
			files = (
				41F4D8EF296FC7BC008131C4 /* navigation_ios_demoTests.swift in Sources */,
			);
			runOnlyForDeploymentPostprocessing = 0;
		};
		41F4D8F0296FC7BC008131C4 /* Sources */ = {
			isa = PBXSourcesBuildPhase;
			buildActionMask = 2147483647;
			files = (
				41F4D8F9296FC7BC008131C4 /* navigation_ios_demoUITests.swift in Sources */,
				41F4D8FB296FC7BC008131C4 /* navigation_ios_demoUITestsLaunchTests.swift in Sources */,
			);
			runOnlyForDeploymentPostprocessing = 0;
		};
/* End PBXSourcesBuildPhase section */

/* Begin PBXTargetDependency section */
		41F4D8EC296FC7BC008131C4 /* PBXTargetDependency */ = {
			isa = PBXTargetDependency;
			target = 41F4D8D3296FC7BB008131C4 /* navigation-ios-demo */;
			targetProxy = 41F4D8EB296FC7BC008131C4 /* PBXContainerItemProxy */;
		};
		41F4D8F6296FC7BC008131C4 /* PBXTargetDependency */ = {
			isa = PBXTargetDependency;
			target = 41F4D8D3296FC7BB008131C4 /* navigation-ios-demo */;
			targetProxy = 41F4D8F5296FC7BC008131C4 /* PBXContainerItemProxy */;
		};
/* End PBXTargetDependency section */

/* Begin PBXVariantGroup section */
		41F4D8DD296FC7BB008131C4 /* Main.storyboard */ = {
			isa = PBXVariantGroup;
			children = (
				41F4D8DE296FC7BB008131C4 /* Base */,
			);
			name = Main.storyboard;
			sourceTree = "<group>";
		};
		41F4D8E2296FC7BB008131C4 /* LaunchScreen.storyboard */ = {
			isa = PBXVariantGroup;
			children = (
				41F4D8E3296FC7BB008131C4 /* Base */,
			);
			name = LaunchScreen.storyboard;
			sourceTree = "<group>";
		};
/* End PBXVariantGroup section */

/* Begin XCBuildConfiguration section */
		41F4D8FC296FC7BC008131C4 /* Debug */ = {
			isa = XCBuildConfiguration;
			buildSettings = {
				ALWAYS_SEARCH_USER_PATHS = NO;
				CLANG_ANALYZER_NONNULL = YES;
				CLANG_ANALYZER_NUMBER_OBJECT_CONVERSION = YES_AGGRESSIVE;
				CLANG_CXX_LANGUAGE_STANDARD = "gnu++17";
				CLANG_CXX_LIBRARY = "libc++";
				CLANG_ENABLE_MODULES = YES;
				CLANG_ENABLE_OBJC_ARC = YES;
				CLANG_ENABLE_OBJC_WEAK = YES;
				CLANG_WARN_BLOCK_CAPTURE_AUTORELEASING = YES;
				CLANG_WARN_BOOL_CONVERSION = YES;
				CLANG_WARN_COMMA = YES;
				CLANG_WARN_CONSTANT_CONVERSION = YES;
				CLANG_WARN_DEPRECATED_OBJC_IMPLEMENTATIONS = YES;
				CLANG_WARN_DIRECT_OBJC_ISA_USAGE = YES_ERROR;
				CLANG_WARN_DOCUMENTATION_COMMENTS = YES;
				CLANG_WARN_EMPTY_BODY = YES;
				CLANG_WARN_ENUM_CONVERSION = YES;
				CLANG_WARN_INFINITE_RECURSION = YES;
				CLANG_WARN_INT_CONVERSION = YES;
				CLANG_WARN_NON_LITERAL_NULL_CONVERSION = YES;
				CLANG_WARN_OBJC_IMPLICIT_RETAIN_SELF = YES;
				CLANG_WARN_OBJC_LITERAL_CONVERSION = YES;
				CLANG_WARN_OBJC_ROOT_CLASS = YES_ERROR;
				CLANG_WARN_QUOTED_INCLUDE_IN_FRAMEWORK_HEADER = YES;
				CLANG_WARN_RANGE_LOOP_ANALYSIS = YES;
				CLANG_WARN_STRICT_PROTOTYPES = YES;
				CLANG_WARN_SUSPICIOUS_MOVE = YES;
				CLANG_WARN_UNGUARDED_AVAILABILITY = YES_AGGRESSIVE;
				CLANG_WARN_UNREACHABLE_CODE = YES;
				CLANG_WARN__DUPLICATE_METHOD_MATCH = YES;
				COPY_PHASE_STRIP = NO;
				DEBUG_INFORMATION_FORMAT = dwarf;
				ENABLE_STRICT_OBJC_MSGSEND = YES;
				ENABLE_TESTABILITY = YES;
				GCC_C_LANGUAGE_STANDARD = gnu11;
				GCC_DYNAMIC_NO_PIC = NO;
				GCC_NO_COMMON_BLOCKS = YES;
				GCC_OPTIMIZATION_LEVEL = 0;
				GCC_PREPROCESSOR_DEFINITIONS = (
					"DEBUG=1",
					"$(inherited)",
				);
				GCC_WARN_64_TO_32_BIT_CONVERSION = YES;
				GCC_WARN_ABOUT_RETURN_TYPE = YES_ERROR;
				GCC_WARN_UNDECLARED_SELECTOR = YES;
				GCC_WARN_UNINITIALIZED_AUTOS = YES_AGGRESSIVE;
				GCC_WARN_UNUSED_FUNCTION = YES;
				GCC_WARN_UNUSED_VARIABLE = YES;
				IPHONEOS_DEPLOYMENT_TARGET = 15.2;
				MTL_ENABLE_DEBUG_INFO = INCLUDE_SOURCE;
				MTL_FAST_MATH = YES;
				ONLY_ACTIVE_ARCH = YES;
				SDKROOT = iphoneos;
				SWIFT_ACTIVE_COMPILATION_CONDITIONS = DEBUG;
				SWIFT_OPTIMIZATION_LEVEL = "-Onone";
			};
			name = Debug;
		};
		41F4D8FD296FC7BC008131C4 /* Release */ = {
			isa = XCBuildConfiguration;
			buildSettings = {
				ALWAYS_SEARCH_USER_PATHS = NO;
				CLANG_ANALYZER_NONNULL = YES;
				CLANG_ANALYZER_NUMBER_OBJECT_CONVERSION = YES_AGGRESSIVE;
				CLANG_CXX_LANGUAGE_STANDARD = "gnu++17";
				CLANG_CXX_LIBRARY = "libc++";
				CLANG_ENABLE_MODULES = YES;
				CLANG_ENABLE_OBJC_ARC = YES;
				CLANG_ENABLE_OBJC_WEAK = YES;
				CLANG_WARN_BLOCK_CAPTURE_AUTORELEASING = YES;
				CLANG_WARN_BOOL_CONVERSION = YES;
				CLANG_WARN_COMMA = YES;
				CLANG_WARN_CONSTANT_CONVERSION = YES;
				CLANG_WARN_DEPRECATED_OBJC_IMPLEMENTATIONS = YES;
				CLANG_WARN_DIRECT_OBJC_ISA_USAGE = YES_ERROR;
				CLANG_WARN_DOCUMENTATION_COMMENTS = YES;
				CLANG_WARN_EMPTY_BODY = YES;
				CLANG_WARN_ENUM_CONVERSION = YES;
				CLANG_WARN_INFINITE_RECURSION = YES;
				CLANG_WARN_INT_CONVERSION = YES;
				CLANG_WARN_NON_LITERAL_NULL_CONVERSION = YES;
				CLANG_WARN_OBJC_IMPLICIT_RETAIN_SELF = YES;
				CLANG_WARN_OBJC_LITERAL_CONVERSION = YES;
				CLANG_WARN_OBJC_ROOT_CLASS = YES_ERROR;
				CLANG_WARN_QUOTED_INCLUDE_IN_FRAMEWORK_HEADER = YES;
				CLANG_WARN_RANGE_LOOP_ANALYSIS = YES;
				CLANG_WARN_STRICT_PROTOTYPES = YES;
				CLANG_WARN_SUSPICIOUS_MOVE = YES;
				CLANG_WARN_UNGUARDED_AVAILABILITY = YES_AGGRESSIVE;
				CLANG_WARN_UNREACHABLE_CODE = YES;
				CLANG_WARN__DUPLICATE_METHOD_MATCH = YES;
				COPY_PHASE_STRIP = NO;
				DEBUG_INFORMATION_FORMAT = "dwarf-with-dsym";
				ENABLE_NS_ASSERTIONS = NO;
				ENABLE_STRICT_OBJC_MSGSEND = YES;
				GCC_C_LANGUAGE_STANDARD = gnu11;
				GCC_NO_COMMON_BLOCKS = YES;
				GCC_WARN_64_TO_32_BIT_CONVERSION = YES;
				GCC_WARN_ABOUT_RETURN_TYPE = YES_ERROR;
				GCC_WARN_UNDECLARED_SELECTOR = YES;
				GCC_WARN_UNINITIALIZED_AUTOS = YES_AGGRESSIVE;
				GCC_WARN_UNUSED_FUNCTION = YES;
				GCC_WARN_UNUSED_VARIABLE = YES;
				IPHONEOS_DEPLOYMENT_TARGET = 15.2;
				MTL_ENABLE_DEBUG_INFO = NO;
				MTL_FAST_MATH = YES;
				SDKROOT = iphoneos;
				SWIFT_COMPILATION_MODE = wholemodule;
				SWIFT_OPTIMIZATION_LEVEL = "-O";
				VALIDATE_PRODUCT = YES;
			};
			name = Release;
		};
		41F4D8FF296FC7BC008131C4 /* Debug */ = {
			isa = XCBuildConfiguration;
			buildSettings = {
				ASSETCATALOG_COMPILER_APPICON_NAME = AppIcon;
				ASSETCATALOG_COMPILER_GLOBAL_ACCENT_COLOR_NAME = AccentColor;
				CODE_SIGN_IDENTITY = "Apple Development";
				CODE_SIGN_STYLE = Manual;
				CURRENT_PROJECT_VERSION = 1;
				DEVELOPMENT_TEAM = "";
				FRAMEWORK_SEARCH_PATHS = (
					"$(inherited)",
					"$(PROJECT_DIR)/Carthage/Build/iOS",
				);
				GENERATE_INFOPLIST_FILE = YES;
				INFOPLIST_FILE = "navigation-ios-demo/Info.plist";
				INFOPLIST_KEY_CFBundleDisplayName = "navigation-demo";
				INFOPLIST_KEY_UIApplicationSupportsIndirectInputEvents = YES;
				INFOPLIST_KEY_UILaunchStoryboardName = LaunchScreen;
				INFOPLIST_KEY_UIMainStoryboardFile = Main;
				INFOPLIST_KEY_UISupportedInterfaceOrientations_iPad = "UIInterfaceOrientationPortrait UIInterfaceOrientationPortraitUpsideDown UIInterfaceOrientationLandscapeLeft UIInterfaceOrientationLandscapeRight";
				INFOPLIST_KEY_UISupportedInterfaceOrientations_iPhone = "UIInterfaceOrientationPortrait UIInterfaceOrientationLandscapeLeft UIInterfaceOrientationLandscapeRight";
				IPHONEOS_DEPLOYMENT_TARGET = 13.0;
				LD_RUNPATH_SEARCH_PATHS = (
					"$(inherited)",
					"@executable_path/Frameworks",
				);
				MARKETING_VERSION = 1.0;
				PRODUCT_BUNDLE_IDENTIFIER = "ai.nextbillion.navigation-ios-demo";
				PRODUCT_NAME = "$(TARGET_NAME)";
				PROVISIONING_PROFILE_SPECIFIER = "";
				SWIFT_EMIT_LOC_STRINGS = YES;
				SWIFT_VERSION = 5.0;
				TARGETED_DEVICE_FAMILY = "1,2";
				VALIDATE_WORKSPACE = NO;
			};
			name = Debug;
		};
		41F4D900296FC7BC008131C4 /* Release */ = {
			isa = XCBuildConfiguration;
			buildSettings = {
				ASSETCATALOG_COMPILER_APPICON_NAME = AppIcon;
				ASSETCATALOG_COMPILER_GLOBAL_ACCENT_COLOR_NAME = AccentColor;
				CODE_SIGN_STYLE = Automatic;
				CURRENT_PROJECT_VERSION = 1;
				DEVELOPMENT_TEAM = YZF69WHR3X;
				FRAMEWORK_SEARCH_PATHS = (
					"$(inherited)",
					"$(PROJECT_DIR)/Carthage/Build/iOS",
				);
				GENERATE_INFOPLIST_FILE = YES;
				INFOPLIST_FILE = "navigation-ios-demo/Info.plist";
				INFOPLIST_KEY_CFBundleDisplayName = "navigation-demo";
				INFOPLIST_KEY_UIApplicationSupportsIndirectInputEvents = YES;
				INFOPLIST_KEY_UILaunchStoryboardName = LaunchScreen;
				INFOPLIST_KEY_UIMainStoryboardFile = Main;
				INFOPLIST_KEY_UISupportedInterfaceOrientations_iPad = "UIInterfaceOrientationPortrait UIInterfaceOrientationPortraitUpsideDown UIInterfaceOrientationLandscapeLeft UIInterfaceOrientationLandscapeRight";
				INFOPLIST_KEY_UISupportedInterfaceOrientations_iPhone = "UIInterfaceOrientationPortrait UIInterfaceOrientationLandscapeLeft UIInterfaceOrientationLandscapeRight";
				IPHONEOS_DEPLOYMENT_TARGET = 13.0;
				LD_RUNPATH_SEARCH_PATHS = (
					"$(inherited)",
					"@executable_path/Frameworks",
				);
				MARKETING_VERSION = 1.0;
				PRODUCT_BUNDLE_IDENTIFIER = "ai.nextbillion.navigation-ios-demo";
				PRODUCT_NAME = "$(TARGET_NAME)";
				SWIFT_EMIT_LOC_STRINGS = YES;
				SWIFT_VERSION = 5.0;
				TARGETED_DEVICE_FAMILY = "1,2";
				VALIDATE_WORKSPACE = NO;
			};
			name = Release;
		};
		41F4D902296FC7BC008131C4 /* Debug */ = {
			isa = XCBuildConfiguration;
			buildSettings = {
				ALWAYS_EMBED_SWIFT_STANDARD_LIBRARIES = YES;
				BUNDLE_LOADER = "$(TEST_HOST)";
				CODE_SIGN_STYLE = Automatic;
				CURRENT_PROJECT_VERSION = 1;
				DEVELOPMENT_TEAM = YZF69WHR3X;
				GENERATE_INFOPLIST_FILE = YES;
				IPHONEOS_DEPLOYMENT_TARGET = 15.2;
				MARKETING_VERSION = 1.0;
				PRODUCT_BUNDLE_IDENTIFIER = "ai.nextbillion.navigation-ios-demoTests";
				PRODUCT_NAME = "$(TARGET_NAME)";
				SWIFT_EMIT_LOC_STRINGS = NO;
				SWIFT_VERSION = 5.0;
				TARGETED_DEVICE_FAMILY = "1,2";
				TEST_HOST = "$(BUILT_PRODUCTS_DIR)/navigation-ios-demo.app/navigation-ios-demo";
			};
			name = Debug;
		};
		41F4D903296FC7BC008131C4 /* Release */ = {
			isa = XCBuildConfiguration;
			buildSettings = {
				ALWAYS_EMBED_SWIFT_STANDARD_LIBRARIES = YES;
				BUNDLE_LOADER = "$(TEST_HOST)";
				CODE_SIGN_STYLE = Automatic;
				CURRENT_PROJECT_VERSION = 1;
				DEVELOPMENT_TEAM = YZF69WHR3X;
				GENERATE_INFOPLIST_FILE = YES;
				IPHONEOS_DEPLOYMENT_TARGET = 15.2;
				MARKETING_VERSION = 1.0;
				PRODUCT_BUNDLE_IDENTIFIER = "ai.nextbillion.navigation-ios-demoTests";
				PRODUCT_NAME = "$(TARGET_NAME)";
				SWIFT_EMIT_LOC_STRINGS = NO;
				SWIFT_VERSION = 5.0;
				TARGETED_DEVICE_FAMILY = "1,2";
				TEST_HOST = "$(BUILT_PRODUCTS_DIR)/navigation-ios-demo.app/navigation-ios-demo";
			};
			name = Release;
		};
		41F4D905296FC7BC008131C4 /* Debug */ = {
			isa = XCBuildConfiguration;
			buildSettings = {
				ALWAYS_EMBED_SWIFT_STANDARD_LIBRARIES = YES;
				CODE_SIGN_STYLE = Automatic;
				CURRENT_PROJECT_VERSION = 1;
				DEVELOPMENT_TEAM = YZF69WHR3X;
				GENERATE_INFOPLIST_FILE = YES;
				MARKETING_VERSION = 1.0;
				PRODUCT_BUNDLE_IDENTIFIER = "ai.nextbillion.navigation-ios-demoUITests";
				PRODUCT_NAME = "$(TARGET_NAME)";
				SWIFT_EMIT_LOC_STRINGS = NO;
				SWIFT_VERSION = 5.0;
				TARGETED_DEVICE_FAMILY = "1,2";
				TEST_TARGET_NAME = "navigation-ios-demo";
			};
			name = Debug;
		};
		41F4D906296FC7BC008131C4 /* Release */ = {
			isa = XCBuildConfiguration;
			buildSettings = {
				ALWAYS_EMBED_SWIFT_STANDARD_LIBRARIES = YES;
				CODE_SIGN_STYLE = Automatic;
				CURRENT_PROJECT_VERSION = 1;
				DEVELOPMENT_TEAM = YZF69WHR3X;
				GENERATE_INFOPLIST_FILE = YES;
				MARKETING_VERSION = 1.0;
				PRODUCT_BUNDLE_IDENTIFIER = "ai.nextbillion.navigation-ios-demoUITests";
				PRODUCT_NAME = "$(TARGET_NAME)";
				SWIFT_EMIT_LOC_STRINGS = NO;
				SWIFT_VERSION = 5.0;
				TARGETED_DEVICE_FAMILY = "1,2";
				TEST_TARGET_NAME = "navigation-ios-demo";
			};
			name = Release;
		};
/* End XCBuildConfiguration section */

/* Begin XCConfigurationList section */
		41F4D8CF296FC7BB008131C4 /* Build configuration list for PBXProject "navigation-ios-demo" */ = {
			isa = XCConfigurationList;
			buildConfigurations = (
				41F4D8FC296FC7BC008131C4 /* Debug */,
				41F4D8FD296FC7BC008131C4 /* Release */,
			);
			defaultConfigurationIsVisible = 0;
			defaultConfigurationName = Release;
		};
		41F4D8FE296FC7BC008131C4 /* Build configuration list for PBXNativeTarget "navigation-ios-demo" */ = {
			isa = XCConfigurationList;
			buildConfigurations = (
				41F4D8FF296FC7BC008131C4 /* Debug */,
				41F4D900296FC7BC008131C4 /* Release */,
			);
			defaultConfigurationIsVisible = 0;
			defaultConfigurationName = Release;
		};
		41F4D901296FC7BC008131C4 /* Build configuration list for PBXNativeTarget "navigation-ios-demoTests" */ = {
			isa = XCConfigurationList;
			buildConfigurations = (
				41F4D902296FC7BC008131C4 /* Debug */,
				41F4D903296FC7BC008131C4 /* Release */,
			);
			defaultConfigurationIsVisible = 0;
			defaultConfigurationName = Release;
		};
		41F4D904296FC7BC008131C4 /* Build configuration list for PBXNativeTarget "navigation-ios-demoUITests" */ = {
			isa = XCConfigurationList;
			buildConfigurations = (
				41F4D905296FC7BC008131C4 /* Debug */,
				41F4D906296FC7BC008131C4 /* Release */,
			);
			defaultConfigurationIsVisible = 0;
			defaultConfigurationName = Release;
		};
/* End XCConfigurationList section */
	};
	rootObject = 41F4D8CC296FC7BB008131C4 /* Project object */;
}
